// !$*UTF8*$!
{
	archiveVersion = 1;
	classes = {
	};
	objectVersion = 48;
	objects = {

/* Begin PBXBuildFile section */
		2ABA2345205FC2DD00DA5694 /* AppDelegate.swift in Sources */ = {isa = PBXBuildFile; fileRef = 2ABA2344205FC2DD00DA5694 /* AppDelegate.swift */; };
		2ABA2347205FC2DD00DA5694 /* ViewController.swift in Sources */ = {isa = PBXBuildFile; fileRef = 2ABA2346205FC2DD00DA5694 /* ViewController.swift */; };
		2ABA234A205FC2DD00DA5694 /* Main.storyboard in Resources */ = {isa = PBXBuildFile; fileRef = 2ABA2348205FC2DD00DA5694 /* Main.storyboard */; };
		2ABA234C205FC2DD00DA5694 /* Assets.xcassets in Resources */ = {isa = PBXBuildFile; fileRef = 2ABA234B205FC2DD00DA5694 /* Assets.xcassets */; };
		2ABA234F205FC2DD00DA5694 /* LaunchScreen.storyboard in Resources */ = {isa = PBXBuildFile; fileRef = 2ABA234D205FC2DD00DA5694 /* LaunchScreen.storyboard */; };
		2ABA235A205FC2DD00DA5694 /* WeatherTests.swift in Sources */ = {isa = PBXBuildFile; fileRef = 2ABA2359205FC2DD00DA5694 /* WeatherTests.swift */; };
		2ABA2365205FC2DD00DA5694 /* WeatherUITests.swift in Sources */ = {isa = PBXBuildFile; fileRef = 2ABA2364205FC2DD00DA5694 /* WeatherUITests.swift */; };
/* End PBXBuildFile section */

/* Begin PBXContainerItemProxy section */
		2ABA2356205FC2DD00DA5694 /* PBXContainerItemProxy */ = {
			isa = PBXContainerItemProxy;
			containerPortal = 2ABA2339205FC2DD00DA5694 /* Project object */;
			proxyType = 1;
			remoteGlobalIDString = 2ABA2340205FC2DD00DA5694;
			remoteInfo = Weather;
		};
		2ABA2361205FC2DD00DA5694 /* PBXContainerItemProxy */ = {
			isa = PBXContainerItemProxy;
			containerPortal = 2ABA2339205FC2DD00DA5694 /* Project object */;
			proxyType = 1;
			remoteGlobalIDString = 2ABA2340205FC2DD00DA5694;
			remoteInfo = Weather;
		};
/* End PBXContainerItemProxy section */

/* Begin PBXFileReference section */
		2ABA2341205FC2DD00DA5694 /* Weather.app */ = {isa = PBXFileReference; explicitFileType = wrapper.application; includeInIndex = 0; path = Weather.app; sourceTree = BUILT_PRODUCTS_DIR; };
		2ABA2344205FC2DD00DA5694 /* AppDelegate.swift */ = {isa = PBXFileReference; lastKnownFileType = sourcecode.swift; path = AppDelegate.swift; sourceTree = "<group>"; };
		2ABA2346205FC2DD00DA5694 /* ViewController.swift */ = {isa = PBXFileReference; lastKnownFileType = sourcecode.swift; path = ViewController.swift; sourceTree = "<group>"; };
		2ABA2349205FC2DD00DA5694 /* Base */ = {isa = PBXFileReference; lastKnownFileType = file.storyboard; name = Base; path = Base.lproj/Main.storyboard; sourceTree = "<group>"; };
		2ABA234B205FC2DD00DA5694 /* Assets.xcassets */ = {isa = PBXFileReference; lastKnownFileType = folder.assetcatalog; path = Assets.xcassets; sourceTree = "<group>"; };
		2ABA234E205FC2DD00DA5694 /* Base */ = {isa = PBXFileReference; lastKnownFileType = file.storyboard; name = Base; path = Base.lproj/LaunchScreen.storyboard; sourceTree = "<group>"; };
		2ABA2350205FC2DD00DA5694 /* Info.plist */ = {isa = PBXFileReference; lastKnownFileType = text.plist.xml; path = Info.plist; sourceTree = "<group>"; };
		2ABA2355205FC2DD00DA5694 /* WeatherTests.xctest */ = {isa = PBXFileReference; explicitFileType = wrapper.cfbundle; includeInIndex = 0; path = WeatherTests.xctest; sourceTree = BUILT_PRODUCTS_DIR; };
		2ABA2359205FC2DD00DA5694 /* WeatherTests.swift */ = {isa = PBXFileReference; lastKnownFileType = sourcecode.swift; path = WeatherTests.swift; sourceTree = "<group>"; };
		2ABA235B205FC2DD00DA5694 /* Info.plist */ = {isa = PBXFileReference; lastKnownFileType = text.plist.xml; path = Info.plist; sourceTree = "<group>"; };
		2ABA2360205FC2DD00DA5694 /* WeatherUITests.xctest */ = {isa = PBXFileReference; explicitFileType = wrapper.cfbundle; includeInIndex = 0; path = WeatherUITests.xctest; sourceTree = BUILT_PRODUCTS_DIR; };
		2ABA2364205FC2DD00DA5694 /* WeatherUITests.swift */ = {isa = PBXFileReference; lastKnownFileType = sourcecode.swift; path = WeatherUITests.swift; sourceTree = "<group>"; };
		2ABA2366205FC2DD00DA5694 /* Info.plist */ = {isa = PBXFileReference; lastKnownFileType = text.plist.xml; path = Info.plist; sourceTree = "<group>"; };
/* End PBXFileReference section */

/* Begin PBXFrameworksBuildPhase section */
		2ABA233E205FC2DD00DA5694 /* Frameworks */ = {
			isa = PBXFrameworksBuildPhase;
			buildActionMask = 2147483647;
			files = (
			);
			runOnlyForDeploymentPostprocessing = 0;
		};
		2ABA2352205FC2DD00DA5694 /* Frameworks */ = {
			isa = PBXFrameworksBuildPhase;
			buildActionMask = 2147483647;
			files = (
			);
			runOnlyForDeploymentPostprocessing = 0;
		};
		2ABA235D205FC2DD00DA5694 /* Frameworks */ = {
			isa = PBXFrameworksBuildPhase;
			buildActionMask = 2147483647;
			files = (
			);
			runOnlyForDeploymentPostprocessing = 0;
		};
/* End PBXFrameworksBuildPhase section */

/* Begin PBXGroup section */
		2ABA2338205FC2DD00DA5694 = {
			isa = PBXGroup;
			children = (
				2ABA2343205FC2DD00DA5694 /* Weather */,
				2ABA2358205FC2DD00DA5694 /* WeatherTests */,
				2ABA2363205FC2DD00DA5694 /* WeatherUITests */,
				2ABA2342205FC2DD00DA5694 /* Products */,
			);
			sourceTree = "<group>";
		};
		2ABA2342205FC2DD00DA5694 /* Products */ = {
			isa = PBXGroup;
			children = (
				2ABA2341205FC2DD00DA5694 /* Weather.app */,
				2ABA2355205FC2DD00DA5694 /* WeatherTests.xctest */,
				2ABA2360205FC2DD00DA5694 /* WeatherUITests.xctest */,
			);
			name = Products;
			sourceTree = "<group>";
		};
		2ABA2343205FC2DD00DA5694 /* Weather */ = {
			isa = PBXGroup;
			children = (
				2ABA2344205FC2DD00DA5694 /* AppDelegate.swift */,
				2ABA2346205FC2DD00DA5694 /* ViewController.swift */,
				2ABA2348205FC2DD00DA5694 /* Main.storyboard */,
				2ABA234B205FC2DD00DA5694 /* Assets.xcassets */,
				2ABA234D205FC2DD00DA5694 /* LaunchScreen.storyboard */,
				2ABA2350205FC2DD00DA5694 /* Info.plist */,
			);
			path = Weather;
			sourceTree = "<group>";
		};
		2ABA2358205FC2DD00DA5694 /* WeatherTests */ = {
			isa = PBXGroup;
			children = (
				2ABA2359205FC2DD00DA5694 /* WeatherTests.swift */,
				2ABA235B205FC2DD00DA5694 /* Info.plist */,
			);
			path = WeatherTests;
			sourceTree = "<group>";
		};
		2ABA2363205FC2DD00DA5694 /* WeatherUITests */ = {
			isa = PBXGroup;
			children = (
				2ABA2364205FC2DD00DA5694 /* WeatherUITests.swift */,
				2ABA2366205FC2DD00DA5694 /* Info.plist */,
			);
			path = WeatherUITests;
			sourceTree = "<group>";
		};
/* End PBXGroup section */

/* Begin PBXNativeTarget section */
		2ABA2340205FC2DD00DA5694 /* Weather */ = {
			isa = PBXNativeTarget;
			buildConfigurationList = 2ABA2369205FC2DD00DA5694 /* Build configuration list for PBXNativeTarget "Weather" */;
			buildPhases = (
				2ABA233D205FC2DD00DA5694 /* Sources */,
				2ABA233E205FC2DD00DA5694 /* Frameworks */,
				2ABA233F205FC2DD00DA5694 /* Resources */,
			);
			buildRules = (
			);
			dependencies = (
			);
			name = Weather;
			productName = Weather;
			productReference = 2ABA2341205FC2DD00DA5694 /* Weather.app */;
			productType = "com.apple.product-type.application";
		};
		2ABA2354205FC2DD00DA5694 /* WeatherTests */ = {
			isa = PBXNativeTarget;
			buildConfigurationList = 2ABA236C205FC2DD00DA5694 /* Build configuration list for PBXNativeTarget "WeatherTests" */;
			buildPhases = (
				2ABA2351205FC2DD00DA5694 /* Sources */,
				2ABA2352205FC2DD00DA5694 /* Frameworks */,
				2ABA2353205FC2DD00DA5694 /* Resources */,
			);
			buildRules = (
			);
			dependencies = (
				2ABA2357205FC2DD00DA5694 /* PBXTargetDependency */,
			);
			name = WeatherTests;
			productName = WeatherTests;
			productReference = 2ABA2355205FC2DD00DA5694 /* WeatherTests.xctest */;
			productType = "com.apple.product-type.bundle.unit-test";
		};
		2ABA235F205FC2DD00DA5694 /* WeatherUITests */ = {
			isa = PBXNativeTarget;
			buildConfigurationList = 2ABA236F205FC2DD00DA5694 /* Build configuration list for PBXNativeTarget "WeatherUITests" */;
			buildPhases = (
				2ABA235C205FC2DD00DA5694 /* Sources */,
				2ABA235D205FC2DD00DA5694 /* Frameworks */,
				2ABA235E205FC2DD00DA5694 /* Resources */,
			);
			buildRules = (
			);
			dependencies = (
				2ABA2362205FC2DD00DA5694 /* PBXTargetDependency */,
			);
			name = WeatherUITests;
			productName = WeatherUITests;
			productReference = 2ABA2360205FC2DD00DA5694 /* WeatherUITests.xctest */;
			productType = "com.apple.product-type.bundle.ui-testing";
		};
/* End PBXNativeTarget section */

/* Begin PBXProject section */
		2ABA2339205FC2DD00DA5694 /* Project object */ = {
			isa = PBXProject;
			attributes = {
				LastSwiftUpdateCheck = 0920;
				LastUpgradeCheck = 0920;
				ORGANIZATIONNAME = OXXXRA;
				TargetAttributes = {
					2ABA2340205FC2DD00DA5694 = {
						CreatedOnToolsVersion = 9.2;
						ProvisioningStyle = Automatic;
					};
					2ABA2354205FC2DD00DA5694 = {
						CreatedOnToolsVersion = 9.2;
						ProvisioningStyle = Automatic;
						TestTargetID = 2ABA2340205FC2DD00DA5694;
					};
					2ABA235F205FC2DD00DA5694 = {
						CreatedOnToolsVersion = 9.2;
						ProvisioningStyle = Automatic;
						TestTargetID = 2ABA2340205FC2DD00DA5694;
					};
				};
			};
			buildConfigurationList = 2ABA233C205FC2DD00DA5694 /* Build configuration list for PBXProject "Weather" */;
			compatibilityVersion = "Xcode 8.0";
			developmentRegion = en;
			hasScannedForEncodings = 0;
			knownRegions = (
				en,
				Base,
			);
			mainGroup = 2ABA2338205FC2DD00DA5694;
			productRefGroup = 2ABA2342205FC2DD00DA5694 /* Products */;
			projectDirPath = "";
			projectRoot = "";
			targets = (
				2ABA2340205FC2DD00DA5694 /* Weather */,
				2ABA2354205FC2DD00DA5694 /* WeatherTests */,
				2ABA235F205FC2DD00DA5694 /* WeatherUITests */,
			);
		};
/* End PBXProject section */

/* Begin PBXResourcesBuildPhase section */
		2ABA233F205FC2DD00DA5694 /* Resources */ = {
			isa = PBXResourcesBuildPhase;
			buildActionMask = 2147483647;
			files = (
				2ABA234F205FC2DD00DA5694 /* LaunchScreen.storyboard in Resources */,
				2ABA234C205FC2DD00DA5694 /* Assets.xcassets in Resources */,
				2ABA234A205FC2DD00DA5694 /* Main.storyboard in Resources */,
			);
			runOnlyForDeploymentPostprocessing = 0;
		};
		2ABA2353205FC2DD00DA5694 /* Resources */ = {
			isa = PBXResourcesBuildPhase;
			buildActionMask = 2147483647;
			files = (
			);
			runOnlyForDeploymentPostprocessing = 0;
		};
		2ABA235E205FC2DD00DA5694 /* Resources */ = {
			isa = PBXResourcesBuildPhase;
			buildActionMask = 2147483647;
			files = (
			);
			runOnlyForDeploymentPostprocessing = 0;
		};
/* End PBXResourcesBuildPhase section */

/* Begin PBXSourcesBuildPhase section */
		2ABA233D205FC2DD00DA5694 /* Sources */ = {
			isa = PBXSourcesBuildPhase;
			buildActionMask = 2147483647;
			files = (
				2ABA2347205FC2DD00DA5694 /* ViewController.swift in Sources */,
				2ABA2345205FC2DD00DA5694 /* AppDelegate.swift in Sources */,
			);
			runOnlyForDeploymentPostprocessing = 0;
		};
		2ABA2351205FC2DD00DA5694 /* Sources */ = {
			isa = PBXSourcesBuildPhase;
			buildActionMask = 2147483647;
			files = (
				2ABA235A205FC2DD00DA5694 /* WeatherTests.swift in Sources */,
			);
			runOnlyForDeploymentPostprocessing = 0;
		};
		2ABA235C205FC2DD00DA5694 /* Sources */ = {
			isa = PBXSourcesBuildPhase;
			buildActionMask = 2147483647;
			files = (
				2ABA2365205FC2DD00DA5694 /* WeatherUITests.swift in Sources */,
			);
			runOnlyForDeploymentPostprocessing = 0;
		};
/* End PBXSourcesBuildPhase section */

/* Begin PBXTargetDependency section */
		2ABA2357205FC2DD00DA5694 /* PBXTargetDependency */ = {
			isa = PBXTargetDependency;
			target = 2ABA2340205FC2DD00DA5694 /* Weather */;
			targetProxy = 2ABA2356205FC2DD00DA5694 /* PBXContainerItemProxy */;
		};
		2ABA2362205FC2DD00DA5694 /* PBXTargetDependency */ = {
			isa = PBXTargetDependency;
			target = 2ABA2340205FC2DD00DA5694 /* Weather */;
			targetProxy = 2ABA2361205FC2DD00DA5694 /* PBXContainerItemProxy */;
		};
/* End PBXTargetDependency section */

/* Begin PBXVariantGroup section */
		2ABA2348205FC2DD00DA5694 /* Main.storyboard */ = {
			isa = PBXVariantGroup;
			children = (
				2ABA2349205FC2DD00DA5694 /* Base */,
			);
			name = Main.storyboard;
			sourceTree = "<group>";
		};
		2ABA234D205FC2DD00DA5694 /* LaunchScreen.storyboard */ = {
			isa = PBXVariantGroup;
			children = (
				2ABA234E205FC2DD00DA5694 /* Base */,
			);
			name = LaunchScreen.storyboard;
			sourceTree = "<group>";
		};
/* End PBXVariantGroup section */

/* Begin XCBuildConfiguration section */
		2ABA2367205FC2DD00DA5694 /* Debug */ = {
			isa = XCBuildConfiguration;
			buildSettings = {
				ALWAYS_SEARCH_USER_PATHS = NO;
				CLANG_ANALYZER_NONNULL = YES;
				CLANG_ANALYZER_NUMBER_OBJECT_CONVERSION = YES_AGGRESSIVE;
				CLANG_CXX_LANGUAGE_STANDARD = "gnu++14";
				CLANG_CXX_LIBRARY = "libc++";
				CLANG_ENABLE_MODULES = YES;
				CLANG_ENABLE_OBJC_ARC = YES;
				CLANG_WARN_BLOCK_CAPTURE_AUTORELEASING = YES;
				CLANG_WARN_BOOL_CONVERSION = YES;
				CLANG_WARN_COMMA = YES;
				CLANG_WARN_CONSTANT_CONVERSION = YES;
				CLANG_WARN_DIRECT_OBJC_ISA_USAGE = YES_ERROR;
				CLANG_WARN_DOCUMENTATION_COMMENTS = YES;
				CLANG_WARN_EMPTY_BODY = YES;
				CLANG_WARN_ENUM_CONVERSION = YES;
				CLANG_WARN_INFINITE_RECURSION = YES;
				CLANG_WARN_INT_CONVERSION = YES;
				CLANG_WARN_NON_LITERAL_NULL_CONVERSION = YES;
				CLANG_WARN_OBJC_LITERAL_CONVERSION = YES;
				CLANG_WARN_OBJC_ROOT_CLASS = YES_ERROR;
				CLANG_WARN_RANGE_LOOP_ANALYSIS = YES;
				CLANG_WARN_STRICT_PROTOTYPES = YES;
				CLANG_WARN_SUSPICIOUS_MOVE = YES;
				CLANG_WARN_UNGUARDED_AVAILABILITY = YES_AGGRESSIVE;
				CLANG_WARN_UNREACHABLE_CODE = YES;
				CLANG_WARN__DUPLICATE_METHOD_MATCH = YES;
				CODE_SIGN_IDENTITY = "iPhone Developer";
				COPY_PHASE_STRIP = NO;
				DEBUG_INFORMATION_FORMAT = dwarf;
				ENABLE_STRICT_OBJC_MSGSEND = YES;
				ENABLE_TESTABILITY = YES;
				GCC_C_LANGUAGE_STANDARD = gnu11;
				GCC_DYNAMIC_NO_PIC = NO;
				GCC_NO_COMMON_BLOCKS = YES;
				GCC_OPTIMIZATION_LEVEL = 0;
				GCC_PREPROCESSOR_DEFINITIONS = (
					"DEBUG=1",
					"$(inherited)",
				);
				GCC_WARN_64_TO_32_BIT_CONVERSION = YES;
				GCC_WARN_ABOUT_RETURN_TYPE = YES_ERROR;
				GCC_WARN_UNDECLARED_SELECTOR = YES;
				GCC_WARN_UNINITIALIZED_AUTOS = YES_AGGRESSIVE;
				GCC_WARN_UNUSED_FUNCTION = YES;
				GCC_WARN_UNUSED_VARIABLE = YES;
				IPHONEOS_DEPLOYMENT_TARGET = 11.2;
				MTL_ENABLE_DEBUG_INFO = YES;
				ONLY_ACTIVE_ARCH = YES;
				SDKROOT = iphoneos;
				SWIFT_ACTIVE_COMPILATION_CONDITIONS = DEBUG;
				SWIFT_OPTIMIZATION_LEVEL = "-Onone";
			};
			name = Debug;
		};
		2ABA2368205FC2DD00DA5694 /* Release */ = {
			isa = XCBuildConfiguration;
			buildSettings = {
				ALWAYS_SEARCH_USER_PATHS = NO;
				CLANG_ANALYZER_NONNULL = YES;
				CLANG_ANALYZER_NUMBER_OBJECT_CONVERSION = YES_AGGRESSIVE;
				CLANG_CXX_LANGUAGE_STANDARD = "gnu++14";
				CLANG_CXX_LIBRARY = "libc++";
				CLANG_ENABLE_MODULES = YES;
				CLANG_ENABLE_OBJC_ARC = YES;
				CLANG_WARN_BLOCK_CAPTURE_AUTORELEASING = YES;
				CLANG_WARN_BOOL_CONVERSION = YES;
				CLANG_WARN_COMMA = YES;
				CLANG_WARN_CONSTANT_CONVERSION = YES;
				CLANG_WARN_DIRECT_OBJC_ISA_USAGE = YES_ERROR;
				CLANG_WARN_DOCUMENTATION_COMMENTS = YES;
				CLANG_WARN_EMPTY_BODY = YES;
				CLANG_WARN_ENUM_CONVERSION = YES;
				CLANG_WARN_INFINITE_RECURSION = YES;
				CLANG_WARN_INT_CONVERSION = YES;
				CLANG_WARN_NON_LITERAL_NULL_CONVERSION = YES;
				CLANG_WARN_OBJC_LITERAL_CONVERSION = YES;
				CLANG_WARN_OBJC_ROOT_CLASS = YES_ERROR;
				CLANG_WARN_RANGE_LOOP_ANALYSIS = YES;
				CLANG_WARN_STRICT_PROTOTYPES = YES;
				CLANG_WARN_SUSPICIOUS_MOVE = YES;
				CLANG_WARN_UNGUARDED_AVAILABILITY = YES_AGGRESSIVE;
				CLANG_WARN_UNREACHABLE_CODE = YES;
				CLANG_WARN__DUPLICATE_METHOD_MATCH = YES;
				CODE_SIGN_IDENTITY = "iPhone Developer";
				COPY_PHASE_STRIP = NO;
				DEBUG_INFORMATION_FORMAT = "dwarf-with-dsym";
				ENABLE_NS_ASSERTIONS = NO;
				ENABLE_STRICT_OBJC_MSGSEND = YES;
				GCC_C_LANGUAGE_STANDARD = gnu11;
				GCC_NO_COMMON_BLOCKS = YES;
				GCC_WARN_64_TO_32_BIT_CONVERSION = YES;
				GCC_WARN_ABOUT_RETURN_TYPE = YES_ERROR;
				GCC_WARN_UNDECLARED_SELECTOR = YES;
				GCC_WARN_UNINITIALIZED_AUTOS = YES_AGGRESSIVE;
				GCC_WARN_UNUSED_FUNCTION = YES;
				GCC_WARN_UNUSED_VARIABLE = YES;
				IPHONEOS_DEPLOYMENT_TARGET = 11.2;
				MTL_ENABLE_DEBUG_INFO = NO;
				SDKROOT = iphoneos;
				SWIFT_OPTIMIZATION_LEVEL = "-Owholemodule";
				VALIDATE_PRODUCT = YES;
			};
			name = Release;
		};
		2ABA236A205FC2DD00DA5694 /* Debug */ = {
			isa = XCBuildConfiguration;
			buildSettings = {
				ASSETCATALOG_COMPILER_APPICON_NAME = AppIcon;
				CODE_SIGN_STYLE = Automatic;
				INFOPLIST_FILE = Weather/Info.plist;
				LD_RUNPATH_SEARCH_PATHS = "$(inherited) @executable_path/Frameworks";
				PRODUCT_BUNDLE_IDENTIFIER = "-.Weather";
				PRODUCT_NAME = "$(TARGET_NAME)";
				SWIFT_VERSION = 4.0;
				TARGETED_DEVICE_FAMILY = "1,2";
			};
			name = Debug;
		};
		2ABA236B205FC2DD00DA5694 /* Release */ = {
			isa = XCBuildConfiguration;
			buildSettings = {
				ASSETCATALOG_COMPILER_APPICON_NAME = AppIcon;
				CODE_SIGN_STYLE = Automatic;
				INFOPLIST_FILE = Weather/Info.plist;
				LD_RUNPATH_SEARCH_PATHS = "$(inherited) @executable_path/Frameworks";
				PRODUCT_BUNDLE_IDENTIFIER = "-.Weather";
				PRODUCT_NAME = "$(TARGET_NAME)";
				SWIFT_VERSION = 4.0;
				TARGETED_DEVICE_FAMILY = "1,2";
			};
			name = Release;
		};
		2ABA236D205FC2DD00DA5694 /* Debug */ = {
			isa = XCBuildConfiguration;
			buildSettings = {
				ALWAYS_EMBED_SWIFT_STANDARD_LIBRARIES = YES;
				BUNDLE_LOADER = "$(TEST_HOST)";
				CODE_SIGN_STYLE = Automatic;
				INFOPLIST_FILE = WeatherTests/Info.plist;
				LD_RUNPATH_SEARCH_PATHS = "$(inherited) @executable_path/Frameworks @loader_path/Frameworks";
				PRODUCT_BUNDLE_IDENTIFIER = "-.WeatherTests";
				PRODUCT_NAME = "$(TARGET_NAME)";
				SWIFT_VERSION = 4.0;
				TARGETED_DEVICE_FAMILY = "1,2";
				TEST_HOST = "$(BUILT_PRODUCTS_DIR)/Weather.app/Weather";
			};
			name = Debug;
		};
		2ABA236E205FC2DD00DA5694 /* Release */ = {
			isa = XCBuildConfiguration;
			buildSettings = {
				ALWAYS_EMBED_SWIFT_STANDARD_LIBRARIES = YES;
				BUNDLE_LOADER = "$(TEST_HOST)";
				CODE_SIGN_STYLE = Automatic;
				INFOPLIST_FILE = WeatherTests/Info.plist;
				LD_RUNPATH_SEARCH_PATHS = "$(inherited) @executable_path/Frameworks @loader_path/Frameworks";
				PRODUCT_BUNDLE_IDENTIFIER = "-.WeatherTests";
				PRODUCT_NAME = "$(TARGET_NAME)";
				SWIFT_VERSION = 4.0;
				TARGETED_DEVICE_FAMILY = "1,2";
				TEST_HOST = "$(BUILT_PRODUCTS_DIR)/Weather.app/Weather";
			};
			name = Release;
		};
		2ABA2370205FC2DD00DA5694 /* Debug */ = {
			isa = XCBuildConfiguration;
			buildSettings = {
				ALWAYS_EMBED_SWIFT_STANDARD_LIBRARIES = YES;
				CODE_SIGN_STYLE = Automatic;
				INFOPLIST_FILE = WeatherUITests/Info.plist;
				LD_RUNPATH_SEARCH_PATHS = "$(inherited) @executable_path/Frameworks @loader_path/Frameworks";
				PRODUCT_BUNDLE_IDENTIFIER = "-.WeatherUITests";
				PRODUCT_NAME = "$(TARGET_NAME)";
				SWIFT_VERSION = 4.0;
				TARGETED_DEVICE_FAMILY = "1,2";
				TEST_TARGET_NAME = Weather;
			};
			name = Debug;
		};
		2ABA2371205FC2DD00DA5694 /* Release */ = {
			isa = XCBuildConfiguration;
			buildSettings = {
				ALWAYS_EMBED_SWIFT_STANDARD_LIBRARIES = YES;
				CODE_SIGN_STYLE = Automatic;
				INFOPLIST_FILE = WeatherUITests/Info.plist;
				LD_RUNPATH_SEARCH_PATHS = "$(inherited) @executable_path/Frameworks @loader_path/Frameworks";
				PRODUCT_BUNDLE_IDENTIFIER = "-.WeatherUITests";
				PRODUCT_NAME = "$(TARGET_NAME)";
				SWIFT_VERSION = 4.0;
				TARGETED_DEVICE_FAMILY = "1,2";
				TEST_TARGET_NAME = Weather;
			};
			name = Release;
		};
/* End XCBuildConfiguration section */

/* Begin XCConfigurationList section */
		2ABA233C205FC2DD00DA5694 /* Build configuration list for PBXProject "Weather" */ = {
			isa = XCConfigurationList;
			buildConfigurations = (
				2ABA2367205FC2DD00DA5694 /* Debug */,
				2ABA2368205FC2DD00DA5694 /* Release */,
			);
			defaultConfigurationIsVisible = 0;
			defaultConfigurationName = Release;
		};
		2ABA2369205FC2DD00DA5694 /* Build configuration list for PBXNativeTarget "Weather" */ = {
			isa = XCConfigurationList;
			buildConfigurations = (
				2ABA236A205FC2DD00DA5694 /* Debug */,
				2ABA236B205FC2DD00DA5694 /* Release */,
			);
			defaultConfigurationIsVisible = 0;
			defaultConfigurationName = Release;
		};
		2ABA236C205FC2DD00DA5694 /* Build configuration list for PBXNativeTarget "WeatherTests" */ = {
			isa = XCConfigurationList;
			buildConfigurations = (
				2ABA236D205FC2DD00DA5694 /* Debug */,
				2ABA236E205FC2DD00DA5694 /* Release */,
			);
			defaultConfigurationIsVisible = 0;
			defaultConfigurationName = Release;
		};
		2ABA236F205FC2DD00DA5694 /* Build configuration list for PBXNativeTarget "WeatherUITests" */ = {
			isa = XCConfigurationList;
			buildConfigurations = (
				2ABA2370205FC2DD00DA5694 /* Debug */,
				2ABA2371205FC2DD00DA5694 /* Release */,
			);
			defaultConfigurationIsVisible = 0;
			defaultConfigurationName = Release;
		};
/* End XCConfigurationList section */
	};
	rootObject = 2ABA2339205FC2DD00DA5694 /* Project object */;
}
